
Microsoft Visual Studio Solution File, Format Version 12.00
# Visual Studio 2013
VisualStudioVersion = 12.0.30723.0
MinimumVisualStudioVersion = 10.0.40219.1
Project("{FAE04EC0-301F-11D3-BF4B-00C04F79EFBC}") = "VersionKeeperWebApi", "VersionKeeperWebApi\VersionKeeperWebApi.csproj", "{B42BC8C1-AFEB-4024-BDD3-2AC1D556FBD7}"
EndProject
Project("{FAE04EC0-301F-11D3-BF4B-00C04F79EFBC}") = "Scratch", "Scratch\Scratch.csproj", "{05CBD966-9458-4DA6-ACAE-09CC7F13797B}"
EndProject
Project("{FAE04EC0-301F-11D3-BF4B-00C04F79EFBC}") = "VersionKeeper", "VersionKeeper\VersionKeeper.csproj", "{4E16D488-B5EA-4054-AF2B-678D443F5235}"
EndProject
Global
	GlobalSection(SolutionConfigurationPlatforms) = preSolution
		Debug|Any CPU = Debug|Any CPU
		Release|Any CPU = Release|Any CPU
	EndGlobalSection
	GlobalSection(ProjectConfigurationPlatforms) = postSolution
		{B42BC8C1-AFEB-4024-BDD3-2AC1D556FBD7}.Debug|Any CPU.ActiveCfg = Debug|Any CPU
		{B42BC8C1-AFEB-4024-BDD3-2AC1D556FBD7}.Debug|Any CPU.Build.0 = Debug|Any CPU
		{B42BC8C1-AFEB-4024-BDD3-2AC1D556FBD7}.Release|Any CPU.ActiveCfg = Release|Any CPU
		{B42BC8C1-AFEB-4024-BDD3-2AC1D556FBD7}.Release|Any CPU.Build.0 = Release|Any CPU
		{05CBD966-9458-4DA6-ACAE-09CC7F13797B}.Debug|Any CPU.ActiveCfg = Debug|Any CPU
		{05CBD966-9458-4DA6-ACAE-09CC7F13797B}.Debug|Any CPU.Build.0 = Debug|Any CPU
		{05CBD966-9458-4DA6-ACAE-09CC7F13797B}.Release|Any CPU.ActiveCfg = Release|Any CPU
		{05CBD966-9458-4DA6-ACAE-09CC7F13797B}.Release|Any CPU.Build.0 = Release|Any CPU
		{4E16D488-B5EA-4054-AF2B-678D443F5235}.Debug|Any CPU.ActiveCfg = Debug|Any CPU
		{4E16D488-B5EA-4054-AF2B-678D443F5235}.Debug|Any CPU.Build.0 = Debug|Any CPU
		{4E16D488-B5EA-4054-AF2B-678D443F5235}.Release|Any CPU.ActiveCfg = Release|Any CPU
		{4E16D488-B5EA-4054-AF2B-678D443F5235}.Release|Any CPU.Build.0 = Release|Any CPU
	EndGlobalSection
	GlobalSection(SolutionProperties) = preSolution
		HideSolutionNode = FALSE
	EndGlobalSection
EndGlobal
